
Microsoft Visual Studio Solution File, Format Version 12.00
# Visual Studio Version 16
VisualStudioVersion = 16.0.30711.63
MinimumVisualStudioVersion = 10.0.40219.1
Project("{9A19103F-16F7-4668-BE54-9A1E7A4F7556}") = "DevelopKamp", "DevelopKamp\DevelopKamp.csproj", "{2B16CBCB-6664-4D59-A924-0E7A8A4C0C8C}"
EndProject
Project("{9A19103F-16F7-4668-BE54-9A1E7A4F7556}") = "OOP1", "OOP1\OOP1.csproj", "{DA3E3DCF-2643-499A-BD4A-067EC3BE36E7}"
EndProject
Project("{9A19103F-16F7-4668-BE54-9A1E7A4F7556}") = "Collections", "Collections\Collections.csproj", "{104D138C-9CAF-41AE-A535-6230B1C9819A}"
EndProject
Project("{9A19103F-16F7-4668-BE54-9A1E7A4F7556}") = "GenericsIntro", "GenericsIntro\GenericsIntro.csproj", "{AB355DB4-3B0C-44F5-89BC-BED8D30FFCFC}"
EndProject
Project("{9A19103F-16F7-4668-BE54-9A1E7A4F7556}") = "OOP2", "OOP2\OOP2.csproj", "{F7C7BD79-59EE-4B99-8451-741248031B4D}"
EndProject
Project("{9A19103F-16F7-4668-BE54-9A1E7A4F7556}") = "OOP3", "OOP3\OOP3.csproj", "{3D3CDC7C-791F-4489-906A-E8BC9978026C}"
EndProject
Project("{9A19103F-16F7-4668-BE54-9A1E7A4F7556}") = "GameProject", "GameProject\GameProject.csproj", "{12E41A9B-0F3A-49AC-981D-870031712471}"
EndProject
Project("{9A19103F-16F7-4668-BE54-9A1E7A4F7556}") = "GamerOdev", "GamerOdev\GamerOdev.csproj", "{BC7494E1-C7E0-4F64-B0FD-E4716A9EF54E}"
EndProject
Project("{FAE04EC0-301F-11D3-BF4B-00C04F79EFBC}") = "LinqProject", "LinqProject\LinqProject.csproj", "{7664F0A2-40E8-4E25-8967-DEEA8EE272E9}"
EndProject
Global
	GlobalSection(SolutionConfigurationPlatforms) = preSolution
		Debug|Any CPU = Debug|Any CPU
		Debug|ARM = Debug|ARM
		Debug|ARM64 = Debug|ARM64
		Debug|x64 = Debug|x64
		Debug|x86 = Debug|x86
		Release|Any CPU = Release|Any CPU
		Release|ARM = Release|ARM
		Release|ARM64 = Release|ARM64
		Release|x64 = Release|x64
		Release|x86 = Release|x86
	EndGlobalSection
	GlobalSection(ProjectConfigurationPlatforms) = postSolution
		{2B16CBCB-6664-4D59-A924-0E7A8A4C0C8C}.Debug|Any CPU.ActiveCfg = Debug|Any CPU
		{2B16CBCB-6664-4D59-A924-0E7A8A4C0C8C}.Debug|Any CPU.Build.0 = Debug|Any CPU
		{2B16CBCB-6664-4D59-A924-0E7A8A4C0C8C}.Debug|ARM.ActiveCfg = Debug|Any CPU
		{2B16CBCB-6664-4D59-A924-0E7A8A4C0C8C}.Debug|ARM.Build.0 = Debug|Any CPU
		{2B16CBCB-6664-4D59-A924-0E7A8A4C0C8C}.Debug|ARM64.ActiveCfg = Debug|Any CPU
		{2B16CBCB-6664-4D59-A924-0E7A8A4C0C8C}.Debug|ARM64.Build.0 = Debug|Any CPU
		{2B16CBCB-6664-4D59-A924-0E7A8A4C0C8C}.Debug|x64.ActiveCfg = Debug|Any CPU
		{2B16CBCB-6664-4D59-A924-0E7A8A4C0C8C}.Debug|x64.Build.0 = Debug|Any CPU
		{2B16CBCB-6664-4D59-A924-0E7A8A4C0C8C}.Debug|x86.ActiveCfg = Debug|Any CPU
		{2B16CBCB-6664-4D59-A924-0E7A8A4C0C8C}.Debug|x86.Build.0 = Debug|Any CPU
		{2B16CBCB-6664-4D59-A924-0E7A8A4C0C8C}.Release|Any CPU.ActiveCfg = Release|Any CPU
		{2B16CBCB-6664-4D59-A924-0E7A8A4C0C8C}.Release|Any CPU.Build.0 = Release|Any CPU
		{2B16CBCB-6664-4D59-A924-0E7A8A4C0C8C}.Release|ARM.ActiveCfg = Release|Any CPU
		{2B16CBCB-6664-4D59-A924-0E7A8A4C0C8C}.Release|ARM.Build.0 = Release|Any CPU
		{2B16CBCB-6664-4D59-A924-0E7A8A4C0C8C}.Release|ARM64.ActiveCfg = Release|Any CPU
		{2B16CBCB-6664-4D59-A924-0E7A8A4C0C8C}.Release|ARM64.Build.0 = Release|Any CPU
		{2B16CBCB-6664-4D59-A924-0E7A8A4C0C8C}.Release|x64.ActiveCfg = Release|Any CPU
		{2B16CBCB-6664-4D59-A924-0E7A8A4C0C8C}.Release|x64.Build.0 = Release|Any CPU
		{2B16CBCB-6664-4D59-A924-0E7A8A4C0C8C}.Release|x86.ActiveCfg = Release|Any CPU
		{2B16CBCB-6664-4D59-A924-0E7A8A4C0C8C}.Release|x86.Build.0 = Release|Any CPU
		{DA3E3DCF-2643-499A-BD4A-067EC3BE36E7}.Debug|Any CPU.ActiveCfg = Debug|Any CPU
		{DA3E3DCF-2643-499A-BD4A-067EC3BE36E7}.Debug|Any CPU.Build.0 = Debug|Any CPU
		{DA3E3DCF-2643-499A-BD4A-067EC3BE36E7}.Debug|ARM.ActiveCfg = Debug|Any CPU
		{DA3E3DCF-2643-499A-BD4A-067EC3BE36E7}.Debug|ARM.Build.0 = Debug|Any CPU
		{DA3E3DCF-2643-499A-BD4A-067EC3BE36E7}.Debug|ARM64.ActiveCfg = Debug|Any CPU
		{DA3E3DCF-2643-499A-BD4A-067EC3BE36E7}.Debug|ARM64.Build.0 = Debug|Any CPU
		{DA3E3DCF-2643-499A-BD4A-067EC3BE36E7}.Debug|x64.ActiveCfg = Debug|Any CPU
		{DA3E3DCF-2643-499A-BD4A-067EC3BE36E7}.Debug|x64.Build.0 = Debug|Any CPU
		{DA3E3DCF-2643-499A-BD4A-067EC3BE36E7}.Debug|x86.ActiveCfg = Debug|Any CPU
		{DA3E3DCF-2643-499A-BD4A-067EC3BE36E7}.Debug|x86.Build.0 = Debug|Any CPU
		{DA3E3DCF-2643-499A-BD4A-067EC3BE36E7}.Release|Any CPU.ActiveCfg = Release|Any CPU
		{DA3E3DCF-2643-499A-BD4A-067EC3BE36E7}.Release|Any CPU.Build.0 = Release|Any CPU
		{DA3E3DCF-2643-499A-BD4A-067EC3BE36E7}.Release|ARM.ActiveCfg = Release|Any CPU
		{DA3E3DCF-2643-499A-BD4A-067EC3BE36E7}.Release|ARM.Build.0 = Release|Any CPU
		{DA3E3DCF-2643-499A-BD4A-067EC3BE36E7}.Release|ARM64.ActiveCfg = Release|Any CPU
		{DA3E3DCF-2643-499A-BD4A-067EC3BE36E7}.Release|ARM64.Build.0 = Release|Any CPU
		{DA3E3DCF-2643-499A-BD4A-067EC3BE36E7}.Release|x64.ActiveCfg = Release|Any CPU
		{DA3E3DCF-2643-499A-BD4A-067EC3BE36E7}.Release|x64.Build.0 = Release|Any CPU
		{DA3E3DCF-2643-499A-BD4A-067EC3BE36E7}.Release|x86.ActiveCfg = Release|Any CPU
		{DA3E3DCF-2643-499A-BD4A-067EC3BE36E7}.Release|x86.Build.0 = Release|Any CPU
		{104D138C-9CAF-41AE-A535-6230B1C9819A}.Debug|Any CPU.ActiveCfg = Debug|Any CPU
		{104D138C-9CAF-41AE-A535-6230B1C9819A}.Debug|Any CPU.Build.0 = Debug|Any CPU
		{104D138C-9CAF-41AE-A535-6230B1C9819A}.Debug|ARM.ActiveCfg = Debug|Any CPU
		{104D138C-9CAF-41AE-A535-6230B1C9819A}.Debug|ARM.Build.0 = Debug|Any CPU
		{104D138C-9CAF-41AE-A535-6230B1C9819A}.Debug|ARM64.ActiveCfg = Debug|Any CPU
		{104D138C-9CAF-41AE-A535-6230B1C9819A}.Debug|ARM64.Build.0 = Debug|Any CPU
		{104D138C-9CAF-41AE-A535-6230B1C9819A}.Debug|x64.ActiveCfg = Debug|Any CPU
		{104D138C-9CAF-41AE-A535-6230B1C9819A}.Debug|x64.Build.0 = Debug|Any CPU
		{104D138C-9CAF-41AE-A535-6230B1C9819A}.Debug|x86.ActiveCfg = Debug|Any CPU
		{104D138C-9CAF-41AE-A535-6230B1C9819A}.Debug|x86.Build.0 = Debug|Any CPU
		{104D138C-9CAF-41AE-A535-6230B1C9819A}.Release|Any CPU.ActiveCfg = Release|Any CPU
		{104D138C-9CAF-41AE-A535-6230B1C9819A}.Release|Any CPU.Build.0 = Release|Any CPU
		{104D138C-9CAF-41AE-A535-6230B1C9819A}.Release|ARM.ActiveCfg = Release|Any CPU
		{104D138C-9CAF-41AE-A535-6230B1C9819A}.Release|ARM.Build.0 = Release|Any CPU
		{104D138C-9CAF-41AE-A535-6230B1C9819A}.Release|ARM64.ActiveCfg = Release|Any CPU
		{104D138C-9CAF-41AE-A535-6230B1C9819A}.Release|ARM64.Build.0 = Release|Any CPU
		{104D138C-9CAF-41AE-A535-6230B1C9819A}.Release|x64.ActiveCfg = Release|Any CPU
		{104D138C-9CAF-41AE-A535-6230B1C9819A}.Release|x64.Build.0 = Release|Any CPU
		{104D138C-9CAF-41AE-A535-6230B1C9819A}.Release|x86.ActiveCfg = Release|Any CPU
		{104D138C-9CAF-41AE-A535-6230B1C9819A}.Release|x86.Build.0 = Release|Any CPU
		{AB355DB4-3B0C-44F5-89BC-BED8D30FFCFC}.Debug|Any CPU.ActiveCfg = Debug|Any CPU
		{AB355DB4-3B0C-44F5-89BC-BED8D30FFCFC}.Debug|Any CPU.Build.0 = Debug|Any CPU
		{AB355DB4-3B0C-44F5-89BC-BED8D30FFCFC}.Debug|ARM.ActiveCfg = Debug|Any CPU
		{AB355DB4-3B0C-44F5-89BC-BED8D30FFCFC}.Debug|ARM.Build.0 = Debug|Any CPU
		{AB355DB4-3B0C-44F5-89BC-BED8D30FFCFC}.Debug|ARM64.ActiveCfg = Debug|Any CPU
		{AB355DB4-3B0C-44F5-89BC-BED8D30FFCFC}.Debug|ARM64.Build.0 = Debug|Any CPU
		{AB355DB4-3B0C-44F5-89BC-BED8D30FFCFC}.Debug|x64.ActiveCfg = Debug|Any CPU
		{AB355DB4-3B0C-44F5-89BC-BED8D30FFCFC}.Debug|x64.Build.0 = Debug|Any CPU
		{AB355DB4-3B0C-44F5-89BC-BED8D30FFCFC}.Debug|x86.ActiveCfg = Debug|Any CPU
		{AB355DB4-3B0C-44F5-89BC-BED8D30FFCFC}.Debug|x86.Build.0 = Debug|Any CPU
		{AB355DB4-3B0C-44F5-89BC-BED8D30FFCFC}.Release|Any CPU.ActiveCfg = Release|Any CPU
		{AB355DB4-3B0C-44F5-89BC-BED8D30FFCFC}.Release|Any CPU.Build.0 = Release|Any CPU
		{AB355DB4-3B0C-44F5-89BC-BED8D30FFCFC}.Release|ARM.ActiveCfg = Release|Any CPU
		{AB355DB4-3B0C-44F5-89BC-BED8D30FFCFC}.Release|ARM.Build.0 = Release|Any CPU
		{AB355DB4-3B0C-44F5-89BC-BED8D30FFCFC}.Release|ARM64.ActiveCfg = Release|Any CPU
		{AB355DB4-3B0C-44F5-89BC-BED8D30FFCFC}.Release|ARM64.Build.0 = Release|Any CPU
		{AB355DB4-3B0C-44F5-89BC-BED8D30FFCFC}.Release|x64.ActiveCfg = Release|Any CPU
		{AB355DB4-3B0C-44F5-89BC-BED8D30FFCFC}.Release|x64.Build.0 = Release|Any CPU
		{AB355DB4-3B0C-44F5-89BC-BED8D30FFCFC}.Release|x86.ActiveCfg = Release|Any CPU
		{AB355DB4-3B0C-44F5-89BC-BED8D30FFCFC}.Release|x86.Build.0 = Release|Any CPU
		{F7C7BD79-59EE-4B99-8451-741248031B4D}.Debug|Any CPU.ActiveCfg = Debug|Any CPU
		{F7C7BD79-59EE-4B99-8451-741248031B4D}.Debug|Any CPU.Build.0 = Debug|Any CPU
		{F7C7BD79-59EE-4B99-8451-741248031B4D}.Debug|ARM.ActiveCfg = Debug|Any CPU
		{F7C7BD79-59EE-4B99-8451-741248031B4D}.Debug|ARM.Build.0 = Debug|Any CPU
		{F7C7BD79-59EE-4B99-8451-741248031B4D}.Debug|ARM64.ActiveCfg = Debug|Any CPU
		{F7C7BD79-59EE-4B99-8451-741248031B4D}.Debug|ARM64.Build.0 = Debug|Any CPU
		{F7C7BD79-59EE-4B99-8451-741248031B4D}.Debug|x64.ActiveCfg = Debug|Any CPU
		{F7C7BD79-59EE-4B99-8451-741248031B4D}.Debug|x64.Build.0 = Debug|Any CPU
		{F7C7BD79-59EE-4B99-8451-741248031B4D}.Debug|x86.ActiveCfg = Debug|Any CPU
		{F7C7BD79-59EE-4B99-8451-741248031B4D}.Debug|x86.Build.0 = Debug|Any CPU
		{F7C7BD79-59EE-4B99-8451-741248031B4D}.Release|Any CPU.ActiveCfg = Release|Any CPU
		{F7C7BD79-59EE-4B99-8451-741248031B4D}.Release|Any CPU.Build.0 = Release|Any CPU
		{F7C7BD79-59EE-4B99-8451-741248031B4D}.Release|ARM.ActiveCfg = Release|Any CPU
		{F7C7BD79-59EE-4B99-8451-741248031B4D}.Release|ARM.Build.0 = Release|Any CPU
		{F7C7BD79-59EE-4B99-8451-741248031B4D}.Release|ARM64.ActiveCfg = Release|Any CPU
		{F7C7BD79-59EE-4B99-8451-741248031B4D}.Release|ARM64.Build.0 = Release|Any CPU
		{F7C7BD79-59EE-4B99-8451-741248031B4D}.Release|x64.ActiveCfg = Release|Any CPU
		{F7C7BD79-59EE-4B99-8451-741248031B4D}.Release|x64.Build.0 = Release|Any CPU
		{F7C7BD79-59EE-4B99-8451-741248031B4D}.Release|x86.ActiveCfg = Release|Any CPU
		{F7C7BD79-59EE-4B99-8451-741248031B4D}.Release|x86.Build.0 = Release|Any CPU
		{3D3CDC7C-791F-4489-906A-E8BC9978026C}.Debug|Any CPU.ActiveCfg = Debug|Any CPU
		{3D3CDC7C-791F-4489-906A-E8BC9978026C}.Debug|Any CPU.Build.0 = Debug|Any CPU
		{3D3CDC7C-791F-4489-906A-E8BC9978026C}.Debug|ARM.ActiveCfg = Debug|Any CPU
		{3D3CDC7C-791F-4489-906A-E8BC9978026C}.Debug|ARM.Build.0 = Debug|Any CPU
		{3D3CDC7C-791F-4489-906A-E8BC9978026C}.Debug|ARM64.ActiveCfg = Debug|Any CPU
		{3D3CDC7C-791F-4489-906A-E8BC9978026C}.Debug|ARM64.Build.0 = Debug|Any CPU
		{3D3CDC7C-791F-4489-906A-E8BC9978026C}.Debug|x64.ActiveCfg = Debug|Any CPU
		{3D3CDC7C-791F-4489-906A-E8BC9978026C}.Debug|x64.Build.0 = Debug|Any CPU
		{3D3CDC7C-791F-4489-906A-E8BC9978026C}.Debug|x86.ActiveCfg = Debug|Any CPU
		{3D3CDC7C-791F-4489-906A-E8BC9978026C}.Debug|x86.Build.0 = Debug|Any CPU
		{3D3CDC7C-791F-4489-906A-E8BC9978026C}.Release|Any CPU.ActiveCfg = Release|Any CPU
		{3D3CDC7C-791F-4489-906A-E8BC9978026C}.Release|Any CPU.Build.0 = Release|Any CPU
		{3D3CDC7C-791F-4489-906A-E8BC9978026C}.Release|ARM.ActiveCfg = Release|Any CPU
		{3D3CDC7C-791F-4489-906A-E8BC9978026C}.Release|ARM.Build.0 = Release|Any CPU
		{3D3CDC7C-791F-4489-906A-E8BC9978026C}.Release|ARM64.ActiveCfg = Release|Any CPU
		{3D3CDC7C-791F-4489-906A-E8BC9978026C}.Release|ARM64.Build.0 = Release|Any CPU
		{3D3CDC7C-791F-4489-906A-E8BC9978026C}.Release|x64.ActiveCfg = Release|Any CPU
		{3D3CDC7C-791F-4489-906A-E8BC9978026C}.Release|x64.Build.0 = Release|Any CPU
		{3D3CDC7C-791F-4489-906A-E8BC9978026C}.Release|x86.ActiveCfg = Release|Any CPU
		{3D3CDC7C-791F-4489-906A-E8BC9978026C}.Release|x86.Build.0 = Release|Any CPU
		{12E41A9B-0F3A-49AC-981D-870031712471}.Debug|Any CPU.ActiveCfg = Debug|Any CPU
		{12E41A9B-0F3A-49AC-981D-870031712471}.Debug|Any CPU.Build.0 = Debug|Any CPU
		{12E41A9B-0F3A-49AC-981D-870031712471}.Debug|ARM.ActiveCfg = Debug|Any CPU
		{12E41A9B-0F3A-49AC-981D-870031712471}.Debug|ARM.Build.0 = Debug|Any CPU
		{12E41A9B-0F3A-49AC-981D-870031712471}.Debug|ARM64.ActiveCfg = Debug|Any CPU
		{12E41A9B-0F3A-49AC-981D-870031712471}.Debug|ARM64.Build.0 = Debug|Any CPU
		{12E41A9B-0F3A-49AC-981D-870031712471}.Debug|x64.ActiveCfg = Debug|Any CPU
		{12E41A9B-0F3A-49AC-981D-870031712471}.Debug|x64.Build.0 = Debug|Any CPU
		{12E41A9B-0F3A-49AC-981D-870031712471}.Debug|x86.ActiveCfg = Debug|Any CPU
		{12E41A9B-0F3A-49AC-981D-870031712471}.Debug|x86.Build.0 = Debug|Any CPU
		{12E41A9B-0F3A-49AC-981D-870031712471}.Release|Any CPU.ActiveCfg = Release|Any CPU
		{12E41A9B-0F3A-49AC-981D-870031712471}.Release|Any CPU.Build.0 = Release|Any CPU
		{12E41A9B-0F3A-49AC-981D-870031712471}.Release|ARM.ActiveCfg = Release|Any CPU
		{12E41A9B-0F3A-49AC-981D-870031712471}.Release|ARM.Build.0 = Release|Any CPU
		{12E41A9B-0F3A-49AC-981D-870031712471}.Release|ARM64.ActiveCfg = Release|Any CPU
		{12E41A9B-0F3A-49AC-981D-870031712471}.Release|ARM64.Build.0 = Release|Any CPU
		{12E41A9B-0F3A-49AC-981D-870031712471}.Release|x64.ActiveCfg = Release|Any CPU
		{12E41A9B-0F3A-49AC-981D-870031712471}.Release|x64.Build.0 = Release|Any CPU
		{12E41A9B-0F3A-49AC-981D-870031712471}.Release|x86.ActiveCfg = Release|Any CPU
		{12E41A9B-0F3A-49AC-981D-870031712471}.Release|x86.Build.0 = Release|Any CPU
		{BC7494E1-C7E0-4F64-B0FD-E4716A9EF54E}.Debug|Any CPU.ActiveCfg = Debug|Any CPU
		{BC7494E1-C7E0-4F64-B0FD-E4716A9EF54E}.Debug|Any CPU.Build.0 = Debug|Any CPU
		{BC7494E1-C7E0-4F64-B0FD-E4716A9EF54E}.Debug|ARM.ActiveCfg = Debug|Any CPU
		{BC7494E1-C7E0-4F64-B0FD-E4716A9EF54E}.Debug|ARM.Build.0 = Debug|Any CPU
		{BC7494E1-C7E0-4F64-B0FD-E4716A9EF54E}.Debug|ARM64.ActiveCfg = Debug|Any CPU
		{BC7494E1-C7E0-4F64-B0FD-E4716A9EF54E}.Debug|ARM64.Build.0 = Debug|Any CPU
		{BC7494E1-C7E0-4F64-B0FD-E4716A9EF54E}.Debug|x64.ActiveCfg = Debug|Any CPU
		{BC7494E1-C7E0-4F64-B0FD-E4716A9EF54E}.Debug|x64.Build.0 = Debug|Any CPU
		{BC7494E1-C7E0-4F64-B0FD-E4716A9EF54E}.Debug|x86.ActiveCfg = Debug|Any CPU
		{BC7494E1-C7E0-4F64-B0FD-E4716A9EF54E}.Debug|x86.Build.0 = Debug|Any CPU
		{BC7494E1-C7E0-4F64-B0FD-E4716A9EF54E}.Release|Any CPU.ActiveCfg = Release|Any CPU
		{BC7494E1-C7E0-4F64-B0FD-E4716A9EF54E}.Release|Any CPU.Build.0 = Release|Any CPU
		{BC7494E1-C7E0-4F64-B0FD-E4716A9EF54E}.Release|ARM.ActiveCfg = Release|Any CPU
		{BC7494E1-C7E0-4F64-B0FD-E4716A9EF54E}.Release|ARM.Build.0 = Release|Any CPU
		{BC7494E1-C7E0-4F64-B0FD-E4716A9EF54E}.Release|ARM64.ActiveCfg = Release|Any CPU
		{BC7494E1-C7E0-4F64-B0FD-E4716A9EF54E}.Release|ARM64.Build.0 = Release|Any CPU
		{BC7494E1-C7E0-4F64-B0FD-E4716A9EF54E}.Release|x64.ActiveCfg = Release|Any CPU
		{BC7494E1-C7E0-4F64-B0FD-E4716A9EF54E}.Release|x64.Build.0 = Release|Any CPU
		{BC7494E1-C7E0-4F64-B0FD-E4716A9EF54E}.Release|x86.ActiveCfg = Release|Any CPU
		{BC7494E1-C7E0-4F64-B0FD-E4716A9EF54E}.Release|x86.Build.0 = Release|Any CPU
		{7664F0A2-40E8-4E25-8967-DEEA8EE272E9}.Debug|Any CPU.ActiveCfg = Debug|Any CPU
		{7664F0A2-40E8-4E25-8967-DEEA8EE272E9}.Debug|Any CPU.Build.0 = Debug|Any CPU
		{7664F0A2-40E8-4E25-8967-DEEA8EE272E9}.Debug|ARM.ActiveCfg = Debug|Any CPU
		{7664F0A2-40E8-4E25-8967-DEEA8EE272E9}.Debug|ARM.Build.0 = Debug|Any CPU
		{7664F0A2-40E8-4E25-8967-DEEA8EE272E9}.Debug|ARM64.ActiveCfg = Debug|Any CPU
		{7664F0A2-40E8-4E25-8967-DEEA8EE272E9}.Debug|ARM64.Build.0 = Debug|Any CPU
		{7664F0A2-40E8-4E25-8967-DEEA8EE272E9}.Debug|x64.ActiveCfg = Debug|Any CPU
		{7664F0A2-40E8-4E25-8967-DEEA8EE272E9}.Debug|x64.Build.0 = Debug|Any CPU
		{7664F0A2-40E8-4E25-8967-DEEA8EE272E9}.Debug|x86.ActiveCfg = Debug|Any CPU
		{7664F0A2-40E8-4E25-8967-DEEA8EE272E9}.Debug|x86.Build.0 = Debug|Any CPU
		{7664F0A2-40E8-4E25-8967-DEEA8EE272E9}.Release|Any CPU.ActiveCfg = Release|Any CPU
		{7664F0A2-40E8-4E25-8967-DEEA8EE272E9}.Release|Any CPU.Build.0 = Release|Any CPU
		{7664F0A2-40E8-4E25-8967-DEEA8EE272E9}.Release|ARM.ActiveCfg = Release|Any CPU
		{7664F0A2-40E8-4E25-8967-DEEA8EE272E9}.Release|ARM.Build.0 = Release|Any CPU
		{7664F0A2-40E8-4E25-8967-DEEA8EE272E9}.Release|ARM64.ActiveCfg = Release|Any CPU
		{7664F0A2-40E8-4E25-8967-DEEA8EE272E9}.Release|ARM64.Build.0 = Release|Any CPU
		{7664F0A2-40E8-4E25-8967-DEEA8EE272E9}.Release|x64.ActiveCfg = Release|Any CPU
		{7664F0A2-40E8-4E25-8967-DEEA8EE272E9}.Release|x64.Build.0 = Release|Any CPU
		{7664F0A2-40E8-4E25-8967-DEEA8EE272E9}.Release|x86.ActiveCfg = Release|Any CPU
		{7664F0A2-40E8-4E25-8967-DEEA8EE272E9}.Release|x86.Build.0 = Release|Any CPU
	EndGlobalSection
	GlobalSection(SolutionProperties) = preSolution
		HideSolutionNode = FALSE
	EndGlobalSection
	GlobalSection(ExtensibilityGlobals) = postSolution
		SolutionGuid = {F617CFC8-9CE2-426E-B16F-BB4873F2B1E0}
	EndGlobalSection
EndGlobal
